<?xml version="1.0" encoding="utf-8"?>
<Project ToolsVersion="4.0" xmlns="http://schemas.microsoft.com/developer/msbuild/2003">
  <ItemGroup>
    <Filter Include="Source Files">
      <UniqueIdentifier>{4FC737F1-C7A5-4376-A066-2A32D752A2FF}</UniqueIdentifier>
      <Extensions>cpp;c;cc;cxx;def;odl;idl;hpj;bat;asm;asmx</Extensions>
    </Filter>
    <Filter Include="Header Files">
      <UniqueIdentifier>{93995380-89BD-4b04-88EB-625FBE52EBFB}</UniqueIdentifier>
      <Extensions>h;hh;hpp;hxx;hm;inl;inc;ipp;xsd</Extensions>
    </Filter>
    <Filter Include="Resource Files">
      <UniqueIdentifier>{67DA6AB6-F800-4c08-8B7A-83BB121AAD01}</UniqueIdentifier>
      <Extensions>rc;ico;cur;bmp;dlg;rc2;rct;bin;rgs;gif;jpg;jpeg;jpe;resx;tiff;tif;png;wav;mfcribbon-ms</Extensions>
    </Filter>
    <Filter Include="Shader">
      <UniqueIdentifier>{67253e9c-2e45-476a-9a4d-22a101d5e80b}</UniqueIdentifier>
    </Filter>
    <Filter Include="Source Files\GameObj">
      <UniqueIdentifier>{7ba6abb9-b30f-4b36-8d1a-611cf72f9872}</UniqueIdentifier>
    </Filter>
    <Filter Include="Source Files\Managers and Main">
      <UniqueIdentifier>{563772b8-ee40-4e63-9fb6-afa2a06bab2f}</UniqueIdentifier>
    </Filter>
    <Filter Include="Header Files\GameObj">
      <UniqueIdentifier>{c1e6d938-217b-4a81-9a65-2af2d2f62f1e}</UniqueIdentifier>
    </Filter>
    <Filter Include="Header Files\Managers and Main">
      <UniqueIdentifier>{f73fe165-cbf9-44e3-9265-e53afcbc763d}</UniqueIdentifier>
    </Filter>
  </ItemGroup>
  <ItemGroup>
    <ClCompile Include="Light.cpp">
      <Filter>Source Files\GameObj</Filter>
    </ClCompile>
    <ClCompile Include="Quad.cpp">
      <Filter>Source Files\GameObj</Filter>
    </ClCompile>
    <ClCompile Include="Sprite.cpp">
      <Filter>Source Files\GameObj</Filter>
    </ClCompile>
    <ClCompile Include="SkyBox.cpp">
      <Filter>Source Files\GameObj</Filter>
    </ClCompile>
    <ClCompile Include="Camera.cpp">
      <Filter>Source Files\Managers and Main</Filter>
    </ClCompile>
    <ClCompile Include="InputManager.cpp">
      <Filter>Source Files\Managers and Main</Filter>
    </ClCompile>
    <ClCompile Include="Main.cpp">
      <Filter>Source Files\Managers and Main</Filter>
    </ClCompile>
    <ClCompile Include="ScreenManager.cpp">
      <Filter>Source Files\Managers and Main</Filter>
    </ClCompile>
    <ClCompile Include="ShaderManager.cpp">
      <Filter>Source Files\Managers and Main</Filter>
    </ClCompile>
    <ClCompile Include="Text.cpp">
      <Filter>Source Files\Managers and Main</Filter>
    </ClCompile>
    <ClCompile Include="Texture.cpp">
      <Filter>Source Files\Managers and Main</Filter>
    </ClCompile>
    <ClCompile Include="Wall.cpp">
      <Filter>Source Files\GameObj</Filter>
    </ClCompile>
    <ClCompile Include="Model.cpp">
      <Filter>Source Files\GameObj</Filter>
    </ClCompile>
    <ClCompile Include="Interactions.cpp">
      <Filter>Source Files\Managers and Main</Filter>
    </ClCompile>
  </ItemGroup>
  <ItemGroup>
    <ClInclude Include="Light.h">
      <Filter>Header Files\GameObj</Filter>
    </ClInclude>
    <ClInclude Include="Quad.h">
      <Filter>Header Files\GameObj</Filter>
    </ClInclude>
    <ClInclude Include="SkyBox.h">
      <Filter>Header Files\GameObj</Filter>
    </ClInclude>
    <ClInclude Include="Sprite.h">
      <Filter>Header Files\GameObj</Filter>
    </ClInclude>
    <ClInclude Include="Camera.h">
      <Filter>Header Files\Managers and Main</Filter>
    </ClInclude>
    <ClInclude Include="InputManager.h">
      <Filter>Header Files\Managers and Main</Filter>
    </ClInclude>
    <ClInclude Include="ScreenManager.h">
      <Filter>Header Files\Managers and Main</Filter>
    </ClInclude>
    <ClInclude Include="ShaderManager.h">
      <Filter>Header Files\Managers and Main</Filter>
    </ClInclude>
    <ClInclude Include="Singleton.h">
      <Filter>Header Files\Managers and Main</Filter>
    </ClInclude>
    <ClInclude Include="Text.h">
      <Filter>Header Files\Managers and Main</Filter>
    </ClInclude>
    <ClInclude Include="Texture.h">
      <Filter>Header Files\Managers and Main</Filter>
    </ClInclude>
    <ClInclude Include="Wall.h">
      <Filter>Header Files\GameObj</Filter>
    </ClInclude>
    <ClInclude Include="Model.h">
      <Filter>Header Files\GameObj</Filter>
    </ClInclude>
    <ClInclude Include="Interactions.h">
      <Filter>Header Files\Managers and Main</Filter>
    </ClInclude>
  </ItemGroup>
  <ItemGroup>
    <None Include="Main.frag">
      <Filter>Shader</Filter>
    </None>
    <None Include="Main.vert">
      <Filter>Shader</Filter>
    </None>
    <None Include="ClassDiagram.cd" />
  </ItemGroup>
</Project>